
Microsoft Visual Studio Solution File, Format Version 12.00
# Visual Studio Version 17
VisualStudioVersion = 17.6.33829.357
MinimumVisualStudioVersion = 10.0.40219.1
Project("{9A19103F-16F7-4668-BE54-9A1E7A4F7556}") = "LSCore.Framework", "src\LSCore.Framework\LSCore.Framework.csproj", "{64F02289-F003-4170-8E57-F617F66B9357}"
EndProject
Project("{9A19103F-16F7-4668-BE54-9A1E7A4F7556}") = "LSCore.Contracts", "src\LSCore.Contracts\LSCore.Contracts.csproj", "{3BF8A48E-CB9E-49E4-ADC5-BCA61007941A}"
EndProject
Project("{9A19103F-16F7-4668-BE54-9A1E7A4F7556}") = "LSCore.Domain", "src\LSCore.Domain\LSCore.Domain.csproj", "{2F538119-5E1D-4D93-AB99-79783BEEAE98}"
EndProject
Project("{9A19103F-16F7-4668-BE54-9A1E7A4F7556}") = "LSCore.Repository", "src\LSCore.Repository\LSCore.Repository.csproj", "{056C712D-ED3B-44D9-B5B5-42D148E19AAB}"
EndProject
Project("{2150E333-8FDC-42A3-9474-1A3956D46DE8}") = "SampleApps", "SampleApps", "{2F74C5B6-2B02-4D70-A0BC-3F03073648C3}"
EndProject
Project("{FAE04EC0-301F-11D3-BF4B-00C04F79EFBC}") = "LSCore.DependencyInjection", "src\LSCore.DependencyInjection\LSCore.DependencyInjection.csproj", "{33A368FF-8C7A-49AA-83BE-41B680604B2B}"
EndProject
Project("{2150E333-8FDC-42A3-9474-1A3956D46DE8}") = "AutoIoC", "AutoIoC", "{AA87A89A-F649-4DD5-AF23-A895A411FFD0}"
EndProject
Project("{FAE04EC0-301F-11D3-BF4B-00C04F79EFBC}") = "Sample.AutoIoC.Contracts", "src\SampleApps\AutoIoC\Sample.AutoIoC.Contracts\Sample.AutoIoC.Contracts.csproj", "{24638955-B32F-4649-900C-73B79551598A}"
EndProject
Project("{FAE04EC0-301F-11D3-BF4B-00C04F79EFBC}") = "Sample.AutoIoC.Domain", "src\SampleApps\AutoIoC\Sample.AutoIoC.Domain\Sample.AutoIoC.Domain.csproj", "{01E93086-4516-42AB-8A8B-029509771EB2}"
EndProject
Project("{FAE04EC0-301F-11D3-BF4B-00C04F79EFBC}") = "Sample.AutoIoC.Api", "src\SampleApps\AutoIoC\Sample.AutoIoC.Api\Sample.AutoIoC.Api.csproj", "{6030EA7E-F4F3-461B-9259-976117E09C5A}"
EndProject
Project("{2150E333-8FDC-42A3-9474-1A3956D46DE8}") = "LSCoreAuthorization", "LSCoreAuthorization", "{328F53C4-0A83-4FFE-92D8-690D66E973BF}"
EndProject
Project("{FAE04EC0-301F-11D3-BF4B-00C04F79EFBC}") = "Sample.Authorization.Api", "src\SampleApps\LSCoreAuthorization\Sample.Authorization.Api\Sample.Authorization.Api.csproj", "{AF51C77B-2C81-447A-966E-D7796A978BAD}"
EndProject
Project("{FAE04EC0-301F-11D3-BF4B-00C04F79EFBC}") = "Sample.Authorization.Contracts", "src\SampleApps\LSCoreAuthorization\Sample.Authorization.Contracts\Sample.Authorization.Contracts.csproj", "{9007E2E3-8BBB-43A2-B51A-3524D4172E5C}"
EndProject
Project("{FAE04EC0-301F-11D3-BF4B-00C04F79EFBC}") = "Sample.Authorization.Domain", "src\SampleApps\LSCoreAuthorization\Sample.Authorization.Domain\Sample.Authorization.Domain.csproj", "{68E79015-8209-4963-BAB8-7447ACE7426C}"
EndProject
Project("{FAE04EC0-301F-11D3-BF4B-00C04F79EFBC}") = "Sample.Authorization.Repository", "src\SampleApps\LSCoreAuthorization\Sample.Authorization.Repository\Sample.Authorization.Repository.csproj", "{018CD316-3972-4A4C-8419-F3D0CB45B785}"
EndProject
Project("{FAE04EC0-301F-11D3-BF4B-00C04F79EFBC}") = "LSCore.Build", "src\LSCore.Build\LSCore.Build.csproj", "{1626BAD4-0241-4236-BAFB-B7B5DBD57F2B}"
EndProject
Project("{2150E333-8FDC-42A3-9474-1A3956D46DE8}") = "ApiKeyAuthorization", "ApiKeyAuthorization", "{D2829D75-652F-421C-A4AC-BF26719FAF3D}"
EndProject
Project("{FAE04EC0-301F-11D3-BF4B-00C04F79EFBC}") = "ApiKeyAuth.Api", "src\SampleApps\ApiKeyAuth\ApiKeyAuth.Api\ApiKeyAuth.Api.csproj", "{6F015442-7C52-423E-A809-77E676DF5A96}"
EndProject
Project("{2150E333-8FDC-42A3-9474-1A3956D46DE8}") = "Validators", "Validators", "{E8FD6ED1-A9E8-4C7E-B93E-242331337959}"
EndProject
Project("{FAE04EC0-301F-11D3-BF4B-00C04F79EFBC}") = "Validators.Domain", "src\SampleApps\Validators\Validators.Domain\Validators.Domain.csproj", "{02CF739E-D126-4C8A-9A1D-4CCCCF0A5475}"
EndProject
Project("{FAE04EC0-301F-11D3-BF4B-00C04F79EFBC}") = "Validators.Contracts", "src\SampleApps\Validators\Validators.Contracts\Validators.Contracts.csproj", "{40D8D313-D35D-474E-BC5A-6621B64CD3D2}"
EndProject
Project("{FAE04EC0-301F-11D3-BF4B-00C04F79EFBC}") = "Validators.Api", "src\SampleApps\Validators\Validators.Api\Validators.Api.csproj", "{38A256F9-C8E0-4AB0-AAF4-C4AE15B8F215}"
EndProject
Project("{2150E333-8FDC-42A3-9474-1A3956D46DE8}") = "AuthorizationSimple", "AuthorizationSimple", "{C2621B68-5FDA-49B2-9AB3-1273160D5059}"
EndProject
Project("{FAE04EC0-301F-11D3-BF4B-00C04F79EFBC}") = "Sample.AuthorizationSimple.Api", "src\SampleApps\AuthorizationSimple\Sample.AuthorizationSimple.Api\Sample.AuthorizationSimple.Api.csproj", "{4430BF7D-5CE9-4EC4-B259-F75116BD8788}"
EndProject
Project("{2150E333-8FDC-42A3-9474-1A3956D46DE8}") = "LayersInjection", "LayersInjection", "{9B5E6EA6-A836-40B1-933F-6F5C057F00A9}"
EndProject
Project("{FAE04EC0-301F-11D3-BF4B-00C04F79EFBC}") = "LayerInjection.Contracts", "src\SampleApps\LayersInjection\LayerInjection.Contracts\LayerInjection.Contracts.csproj", "{10436C86-50E6-42C2-8B0A-884113D38F46}"
EndProject
Project("{FAE04EC0-301F-11D3-BF4B-00C04F79EFBC}") = "LayerInjection.Domain", "src\SampleApps\LayersInjection\LayerInjection.Domain\LayerInjection.Domain.csproj", "{EE215162-4761-4858-B074-9447591D630C}"
EndProject
Project("{FAE04EC0-301F-11D3-BF4B-00C04F79EFBC}") = "LayerInjection.Api", "src\SampleApps\LayersInjection\LayerInjection.Api\LayerInjection.Api.csproj", "{064EB84A-A0BD-4B61-A383-6A35BC1B0685}"
EndProject
Project("{FAE04EC0-301F-11D3-BF4B-00C04F79EFBC}") = "SCL.Domain", "src\SampleApps\LayersInjection\SCL.Domain\SCL.Domain.csproj", "{6AF80ED3-BA9A-4CD3-847B-138D5CEC1826}"
EndProject
Project("{FAE04EC0-301F-11D3-BF4B-00C04F79EFBC}") = "LSCore.ApiClient.Rest", "src\LSCore.ApiClient.Rest\LSCore.ApiClient.Rest.csproj", "{D99A1433-B119-48D7-BA55-53BF2C35B3E8}"
EndProject
Project("{2150E333-8FDC-42A3-9474-1A3956D46DE8}") = "ApiClient", "ApiClient", "{D91789ED-B588-46AE-8449-EE31281B05A6}"
EndProject
Project("{2150E333-8FDC-42A3-9474-1A3956D46DE8}") = "Rest", "Rest", "{44FE44FB-B8CA-4DB8-9FAC-9A9276B95536}"
EndProject
Project("{FAE04EC0-301F-11D3-BF4B-00C04F79EFBC}") = "ACR.Api", "src\SampleApps\ApiClient\Rest\ACR.Api\ACR.Api.csproj", "{E4EC38C4-E86E-4FE8-8462-A01F4BFD96A7}"
EndProject
Project("{FAE04EC0-301F-11D3-BF4B-00C04F79EFBC}") = "ACR.Microservice.Api", "src\SampleApps\ApiClient\Rest\ACR.Microservice.Api\ACR.Microservice.Api.csproj", "{95A63C1E-3F3D-4C3B-A88A-5F4164C5B8F0}"
EndProject
Project("{FAE04EC0-301F-11D3-BF4B-00C04F79EFBC}") = "ACR.Microservice.Contracts.Dtos", "src\SampleApps\ApiClient\Rest\ACR.Microservice.Contracts.Dtos\ACR.Microservice.Contracts.Dtos.csproj", "{5B2D7AFE-1391-4B1E-8E83-780569386D49}"
EndProject
Project("{FAE04EC0-301F-11D3-BF4B-00C04F79EFBC}") = "ACR.Microservice.Contracts.Requests", "src\SampleApps\ApiClient\Rest\ACR.Microservice.Contracts.Requests\ACR.Microservice.Contracts.Requests.csproj", "{C158C40B-5238-43D0-804A-DB579008A73A}"
EndProject
Project("{FAE04EC0-301F-11D3-BF4B-00C04F79EFBC}") = "ACR.Microservice.Client", "src\SampleApps\ApiClient\Rest\ACR.Microservice.Client\ACR.Microservice.Client.csproj", "{0182AD6A-C8FD-4610-A1DB-C18AEC166F5F}"
EndProject
Project("{FAE04EC0-301F-11D3-BF4B-00C04F79EFBC}") = "LSCore.ApiClient.Rest.DependencyInjection", "src\LSCore.ApiClient.Rest.DependencyInjection\LSCore.ApiClient.Rest.DependencyInjection.csproj", "{8786919F-E98E-4CB1-96BF-A0109EC92D91}"
EndProject
Project("{2150E333-8FDC-42A3-9474-1A3956D46DE8}") = "Microservice1", "Microservice1", "{6F021DCA-E29C-4F7F-8306-E668769D3D49}"
EndProject
Project("{2150E333-8FDC-42A3-9474-1A3956D46DE8}") = "Microservice2", "Microservice2", "{AB6F6DE1-1A20-41B6-A35A-2E2DB5096303}"
EndProject
Project("{FAE04EC0-301F-11D3-BF4B-00C04F79EFBC}") = "ACR.UsersMicroservice.Api", "src\SampleApps\ApiClient\Rest\ACR.UsersMicroservice.Api\ACR.UsersMicroservice.Api.csproj", "{DA23CED0-C81A-4BAA-9565-9AEF76F4DC93}"
EndProject
Project("{FAE04EC0-301F-11D3-BF4B-00C04F79EFBC}") = "ACR.UsersMicroservice.Dtos", "src\SampleApps\ApiClient\Rest\ACR.UsersMicroservice.Dtos\ACR.UsersMicroservice.Dtos.csproj", "{FCF737E5-3A36-4337-B8E6-028CCD0B633A}"
EndProject
Project("{FAE04EC0-301F-11D3-BF4B-00C04F79EFBC}") = "ACR.UsersMicroservice.Requests", "src\SampleApps\ApiClient\Rest\ACR.UsersMicroservice.Requests\ACR.UsersMicroservice.Requests.csproj", "{DCB7B9E3-88F8-412B-BCE9-E2A9A3A557DD}"
EndProject
Project("{FAE04EC0-301F-11D3-BF4B-00C04F79EFBC}") = "ACR.UsersMicroservice.Client", "src\SampleApps\ApiClient\Rest\ACR.UsersMicroservice.Client\ACR.UsersMicroservice.Client.csproj", "{72EB77E4-1B73-49CD-AD9F-AE3E8F28C891}"
EndProject
Global
	GlobalSection(SolutionConfigurationPlatforms) = preSolution
		Debug|Any CPU = Debug|Any CPU
		Release|Any CPU = Release|Any CPU
	EndGlobalSection
	GlobalSection(ProjectConfigurationPlatforms) = postSolution
		{64F02289-F003-4170-8E57-F617F66B9357}.Debug|Any CPU.ActiveCfg = Debug|Any CPU
		{64F02289-F003-4170-8E57-F617F66B9357}.Debug|Any CPU.Build.0 = Debug|Any CPU
		{64F02289-F003-4170-8E57-F617F66B9357}.Release|Any CPU.ActiveCfg = Release|Any CPU
		{64F02289-F003-4170-8E57-F617F66B9357}.Release|Any CPU.Build.0 = Release|Any CPU
		{3BF8A48E-CB9E-49E4-ADC5-BCA61007941A}.Debug|Any CPU.ActiveCfg = Debug|Any CPU
		{3BF8A48E-CB9E-49E4-ADC5-BCA61007941A}.Debug|Any CPU.Build.0 = Debug|Any CPU
		{3BF8A48E-CB9E-49E4-ADC5-BCA61007941A}.Release|Any CPU.ActiveCfg = Release|Any CPU
		{3BF8A48E-CB9E-49E4-ADC5-BCA61007941A}.Release|Any CPU.Build.0 = Release|Any CPU
		{2F538119-5E1D-4D93-AB99-79783BEEAE98}.Debug|Any CPU.ActiveCfg = Debug|Any CPU
		{2F538119-5E1D-4D93-AB99-79783BEEAE98}.Debug|Any CPU.Build.0 = Debug|Any CPU
		{2F538119-5E1D-4D93-AB99-79783BEEAE98}.Release|Any CPU.ActiveCfg = Release|Any CPU
		{2F538119-5E1D-4D93-AB99-79783BEEAE98}.Release|Any CPU.Build.0 = Release|Any CPU
		{056C712D-ED3B-44D9-B5B5-42D148E19AAB}.Debug|Any CPU.ActiveCfg = Debug|Any CPU
		{056C712D-ED3B-44D9-B5B5-42D148E19AAB}.Debug|Any CPU.Build.0 = Debug|Any CPU
		{056C712D-ED3B-44D9-B5B5-42D148E19AAB}.Release|Any CPU.ActiveCfg = Release|Any CPU
		{056C712D-ED3B-44D9-B5B5-42D148E19AAB}.Release|Any CPU.Build.0 = Release|Any CPU
		{33A368FF-8C7A-49AA-83BE-41B680604B2B}.Debug|Any CPU.ActiveCfg = Debug|Any CPU
		{33A368FF-8C7A-49AA-83BE-41B680604B2B}.Debug|Any CPU.Build.0 = Debug|Any CPU
		{33A368FF-8C7A-49AA-83BE-41B680604B2B}.Release|Any CPU.ActiveCfg = Release|Any CPU
		{33A368FF-8C7A-49AA-83BE-41B680604B2B}.Release|Any CPU.Build.0 = Release|Any CPU
		{24638955-B32F-4649-900C-73B79551598A}.Debug|Any CPU.ActiveCfg = Debug|Any CPU
		{24638955-B32F-4649-900C-73B79551598A}.Debug|Any CPU.Build.0 = Debug|Any CPU
		{24638955-B32F-4649-900C-73B79551598A}.Release|Any CPU.ActiveCfg = Release|Any CPU
		{24638955-B32F-4649-900C-73B79551598A}.Release|Any CPU.Build.0 = Release|Any CPU
		{01E93086-4516-42AB-8A8B-029509771EB2}.Debug|Any CPU.ActiveCfg = Debug|Any CPU
		{01E93086-4516-42AB-8A8B-029509771EB2}.Debug|Any CPU.Build.0 = Debug|Any CPU
		{01E93086-4516-42AB-8A8B-029509771EB2}.Release|Any CPU.ActiveCfg = Release|Any CPU
		{01E93086-4516-42AB-8A8B-029509771EB2}.Release|Any CPU.Build.0 = Release|Any CPU
		{6030EA7E-F4F3-461B-9259-976117E09C5A}.Debug|Any CPU.ActiveCfg = Debug|Any CPU
		{6030EA7E-F4F3-461B-9259-976117E09C5A}.Debug|Any CPU.Build.0 = Debug|Any CPU
		{6030EA7E-F4F3-461B-9259-976117E09C5A}.Release|Any CPU.ActiveCfg = Release|Any CPU
		{6030EA7E-F4F3-461B-9259-976117E09C5A}.Release|Any CPU.Build.0 = Release|Any CPU
		{AF51C77B-2C81-447A-966E-D7796A978BAD}.Debug|Any CPU.ActiveCfg = Debug|Any CPU
		{AF51C77B-2C81-447A-966E-D7796A978BAD}.Debug|Any CPU.Build.0 = Debug|Any CPU
		{AF51C77B-2C81-447A-966E-D7796A978BAD}.Release|Any CPU.ActiveCfg = Release|Any CPU
		{AF51C77B-2C81-447A-966E-D7796A978BAD}.Release|Any CPU.Build.0 = Release|Any CPU
		{9007E2E3-8BBB-43A2-B51A-3524D4172E5C}.Debug|Any CPU.ActiveCfg = Debug|Any CPU
		{9007E2E3-8BBB-43A2-B51A-3524D4172E5C}.Debug|Any CPU.Build.0 = Debug|Any CPU
		{9007E2E3-8BBB-43A2-B51A-3524D4172E5C}.Release|Any CPU.ActiveCfg = Release|Any CPU
		{9007E2E3-8BBB-43A2-B51A-3524D4172E5C}.Release|Any CPU.Build.0 = Release|Any CPU
		{68E79015-8209-4963-BAB8-7447ACE7426C}.Debug|Any CPU.ActiveCfg = Debug|Any CPU
		{68E79015-8209-4963-BAB8-7447ACE7426C}.Debug|Any CPU.Build.0 = Debug|Any CPU
		{68E79015-8209-4963-BAB8-7447ACE7426C}.Release|Any CPU.ActiveCfg = Release|Any CPU
		{68E79015-8209-4963-BAB8-7447ACE7426C}.Release|Any CPU.Build.0 = Release|Any CPU
		{018CD316-3972-4A4C-8419-F3D0CB45B785}.Debug|Any CPU.ActiveCfg = Debug|Any CPU
		{018CD316-3972-4A4C-8419-F3D0CB45B785}.Debug|Any CPU.Build.0 = Debug|Any CPU
		{018CD316-3972-4A4C-8419-F3D0CB45B785}.Release|Any CPU.ActiveCfg = Release|Any CPU
		{018CD316-3972-4A4C-8419-F3D0CB45B785}.Release|Any CPU.Build.0 = Release|Any CPU
		{1626BAD4-0241-4236-BAFB-B7B5DBD57F2B}.Debug|Any CPU.ActiveCfg = Debug|Any CPU
		{1626BAD4-0241-4236-BAFB-B7B5DBD57F2B}.Debug|Any CPU.Build.0 = Debug|Any CPU
		{1626BAD4-0241-4236-BAFB-B7B5DBD57F2B}.Release|Any CPU.ActiveCfg = Release|Any CPU
		{1626BAD4-0241-4236-BAFB-B7B5DBD57F2B}.Release|Any CPU.Build.0 = Release|Any CPU
		{6F015442-7C52-423E-A809-77E676DF5A96}.Debug|Any CPU.ActiveCfg = Debug|Any CPU
		{6F015442-7C52-423E-A809-77E676DF5A96}.Debug|Any CPU.Build.0 = Debug|Any CPU
		{6F015442-7C52-423E-A809-77E676DF5A96}.Release|Any CPU.ActiveCfg = Release|Any CPU
		{6F015442-7C52-423E-A809-77E676DF5A96}.Release|Any CPU.Build.0 = Release|Any CPU
		{02CF739E-D126-4C8A-9A1D-4CCCCF0A5475}.Debug|Any CPU.ActiveCfg = Debug|Any CPU
		{02CF739E-D126-4C8A-9A1D-4CCCCF0A5475}.Debug|Any CPU.Build.0 = Debug|Any CPU
		{02CF739E-D126-4C8A-9A1D-4CCCCF0A5475}.Release|Any CPU.ActiveCfg = Release|Any CPU
		{02CF739E-D126-4C8A-9A1D-4CCCCF0A5475}.Release|Any CPU.Build.0 = Release|Any CPU
		{40D8D313-D35D-474E-BC5A-6621B64CD3D2}.Debug|Any CPU.ActiveCfg = Debug|Any CPU
		{40D8D313-D35D-474E-BC5A-6621B64CD3D2}.Debug|Any CPU.Build.0 = Debug|Any CPU
		{40D8D313-D35D-474E-BC5A-6621B64CD3D2}.Release|Any CPU.ActiveCfg = Release|Any CPU
		{40D8D313-D35D-474E-BC5A-6621B64CD3D2}.Release|Any CPU.Build.0 = Release|Any CPU
		{38A256F9-C8E0-4AB0-AAF4-C4AE15B8F215}.Debug|Any CPU.ActiveCfg = Debug|Any CPU
		{38A256F9-C8E0-4AB0-AAF4-C4AE15B8F215}.Debug|Any CPU.Build.0 = Debug|Any CPU
		{38A256F9-C8E0-4AB0-AAF4-C4AE15B8F215}.Release|Any CPU.ActiveCfg = Release|Any CPU
		{38A256F9-C8E0-4AB0-AAF4-C4AE15B8F215}.Release|Any CPU.Build.0 = Release|Any CPU
		{4430BF7D-5CE9-4EC4-B259-F75116BD8788}.Debug|Any CPU.ActiveCfg = Debug|Any CPU
		{4430BF7D-5CE9-4EC4-B259-F75116BD8788}.Debug|Any CPU.Build.0 = Debug|Any CPU
		{4430BF7D-5CE9-4EC4-B259-F75116BD8788}.Release|Any CPU.ActiveCfg = Release|Any CPU
		{4430BF7D-5CE9-4EC4-B259-F75116BD8788}.Release|Any CPU.Build.0 = Release|Any CPU
		{10436C86-50E6-42C2-8B0A-884113D38F46}.Debug|Any CPU.ActiveCfg = Debug|Any CPU
		{10436C86-50E6-42C2-8B0A-884113D38F46}.Debug|Any CPU.Build.0 = Debug|Any CPU
		{10436C86-50E6-42C2-8B0A-884113D38F46}.Release|Any CPU.ActiveCfg = Release|Any CPU
		{10436C86-50E6-42C2-8B0A-884113D38F46}.Release|Any CPU.Build.0 = Release|Any CPU
		{EE215162-4761-4858-B074-9447591D630C}.Debug|Any CPU.ActiveCfg = Debug|Any CPU
		{EE215162-4761-4858-B074-9447591D630C}.Debug|Any CPU.Build.0 = Debug|Any CPU
		{EE215162-4761-4858-B074-9447591D630C}.Release|Any CPU.ActiveCfg = Release|Any CPU
		{EE215162-4761-4858-B074-9447591D630C}.Release|Any CPU.Build.0 = Release|Any CPU
		{064EB84A-A0BD-4B61-A383-6A35BC1B0685}.Debug|Any CPU.ActiveCfg = Debug|Any CPU
		{064EB84A-A0BD-4B61-A383-6A35BC1B0685}.Debug|Any CPU.Build.0 = Debug|Any CPU
		{064EB84A-A0BD-4B61-A383-6A35BC1B0685}.Release|Any CPU.ActiveCfg = Release|Any CPU
		{064EB84A-A0BD-4B61-A383-6A35BC1B0685}.Release|Any CPU.Build.0 = Release|Any CPU
		{6AF80ED3-BA9A-4CD3-847B-138D5CEC1826}.Debug|Any CPU.ActiveCfg = Debug|Any CPU
		{6AF80ED3-BA9A-4CD3-847B-138D5CEC1826}.Debug|Any CPU.Build.0 = Debug|Any CPU
		{6AF80ED3-BA9A-4CD3-847B-138D5CEC1826}.Release|Any CPU.ActiveCfg = Release|Any CPU
		{6AF80ED3-BA9A-4CD3-847B-138D5CEC1826}.Release|Any CPU.Build.0 = Release|Any CPU
		{D99A1433-B119-48D7-BA55-53BF2C35B3E8}.Debug|Any CPU.ActiveCfg = Debug|Any CPU
		{D99A1433-B119-48D7-BA55-53BF2C35B3E8}.Debug|Any CPU.Build.0 = Debug|Any CPU
		{D99A1433-B119-48D7-BA55-53BF2C35B3E8}.Release|Any CPU.ActiveCfg = Release|Any CPU
		{D99A1433-B119-48D7-BA55-53BF2C35B3E8}.Release|Any CPU.Build.0 = Release|Any CPU
		{E4EC38C4-E86E-4FE8-8462-A01F4BFD96A7}.Debug|Any CPU.ActiveCfg = Debug|Any CPU
		{E4EC38C4-E86E-4FE8-8462-A01F4BFD96A7}.Debug|Any CPU.Build.0 = Debug|Any CPU
		{E4EC38C4-E86E-4FE8-8462-A01F4BFD96A7}.Release|Any CPU.ActiveCfg = Release|Any CPU
		{E4EC38C4-E86E-4FE8-8462-A01F4BFD96A7}.Release|Any CPU.Build.0 = Release|Any CPU
		{95A63C1E-3F3D-4C3B-A88A-5F4164C5B8F0}.Debug|Any CPU.ActiveCfg = Debug|Any CPU
		{95A63C1E-3F3D-4C3B-A88A-5F4164C5B8F0}.Debug|Any CPU.Build.0 = Debug|Any CPU
		{95A63C1E-3F3D-4C3B-A88A-5F4164C5B8F0}.Release|Any CPU.ActiveCfg = Release|Any CPU
		{95A63C1E-3F3D-4C3B-A88A-5F4164C5B8F0}.Release|Any CPU.Build.0 = Release|Any CPU
		{5B2D7AFE-1391-4B1E-8E83-780569386D49}.Debug|Any CPU.ActiveCfg = Debug|Any CPU
		{5B2D7AFE-1391-4B1E-8E83-780569386D49}.Debug|Any CPU.Build.0 = Debug|Any CPU
		{5B2D7AFE-1391-4B1E-8E83-780569386D49}.Release|Any CPU.ActiveCfg = Release|Any CPU
		{5B2D7AFE-1391-4B1E-8E83-780569386D49}.Release|Any CPU.Build.0 = Release|Any CPU
		{C158C40B-5238-43D0-804A-DB579008A73A}.Debug|Any CPU.ActiveCfg = Debug|Any CPU
		{C158C40B-5238-43D0-804A-DB579008A73A}.Debug|Any CPU.Build.0 = Debug|Any CPU
		{C158C40B-5238-43D0-804A-DB579008A73A}.Release|Any CPU.ActiveCfg = Release|Any CPU
		{C158C40B-5238-43D0-804A-DB579008A73A}.Release|Any CPU.Build.0 = Release|Any CPU
		{0182AD6A-C8FD-4610-A1DB-C18AEC166F5F}.Debug|Any CPU.ActiveCfg = Debug|Any CPU
		{0182AD6A-C8FD-4610-A1DB-C18AEC166F5F}.Debug|Any CPU.Build.0 = Debug|Any CPU
		{0182AD6A-C8FD-4610-A1DB-C18AEC166F5F}.Release|Any CPU.ActiveCfg = Release|Any CPU
		{0182AD6A-C8FD-4610-A1DB-C18AEC166F5F}.Release|Any CPU.Build.0 = Release|Any CPU
		{8786919F-E98E-4CB1-96BF-A0109EC92D91}.Debug|Any CPU.ActiveCfg = Debug|Any CPU
		{8786919F-E98E-4CB1-96BF-A0109EC92D91}.Debug|Any CPU.Build.0 = Debug|Any CPU
		{8786919F-E98E-4CB1-96BF-A0109EC92D91}.Release|Any CPU.ActiveCfg = Release|Any CPU
		{8786919F-E98E-4CB1-96BF-A0109EC92D91}.Release|Any CPU.Build.0 = Release|Any CPU
		{DA23CED0-C81A-4BAA-9565-9AEF76F4DC93}.Debug|Any CPU.ActiveCfg = Debug|Any CPU
		{DA23CED0-C81A-4BAA-9565-9AEF76F4DC93}.Debug|Any CPU.Build.0 = Debug|Any CPU
		{DA23CED0-C81A-4BAA-9565-9AEF76F4DC93}.Release|Any CPU.ActiveCfg = Release|Any CPU
		{DA23CED0-C81A-4BAA-9565-9AEF76F4DC93}.Release|Any CPU.Build.0 = Release|Any CPU
		{FCF737E5-3A36-4337-B8E6-028CCD0B633A}.Debug|Any CPU.ActiveCfg = Debug|Any CPU
		{FCF737E5-3A36-4337-B8E6-028CCD0B633A}.Debug|Any CPU.Build.0 = Debug|Any CPU
		{FCF737E5-3A36-4337-B8E6-028CCD0B633A}.Release|Any CPU.ActiveCfg = Release|Any CPU
		{FCF737E5-3A36-4337-B8E6-028CCD0B633A}.Release|Any CPU.Build.0 = Release|Any CPU
		{DCB7B9E3-88F8-412B-BCE9-E2A9A3A557DD}.Debug|Any CPU.ActiveCfg = Debug|Any CPU
		{DCB7B9E3-88F8-412B-BCE9-E2A9A3A557DD}.Debug|Any CPU.Build.0 = Debug|Any CPU
		{DCB7B9E3-88F8-412B-BCE9-E2A9A3A557DD}.Release|Any CPU.ActiveCfg = Release|Any CPU
		{DCB7B9E3-88F8-412B-BCE9-E2A9A3A557DD}.Release|Any CPU.Build.0 = Release|Any CPU
		{72EB77E4-1B73-49CD-AD9F-AE3E8F28C891}.Debug|Any CPU.ActiveCfg = Debug|Any CPU
		{72EB77E4-1B73-49CD-AD9F-AE3E8F28C891}.Debug|Any CPU.Build.0 = Debug|Any CPU
		{72EB77E4-1B73-49CD-AD9F-AE3E8F28C891}.Release|Any CPU.ActiveCfg = Release|Any CPU
		{72EB77E4-1B73-49CD-AD9F-AE3E8F28C891}.Release|Any CPU.Build.0 = Release|Any CPU
	EndGlobalSection
	GlobalSection(SolutionProperties) = preSolution
		HideSolutionNode = FALSE
	EndGlobalSection
	GlobalSection(NestedProjects) = preSolution
		{AA87A89A-F649-4DD5-AF23-A895A411FFD0} = {2F74C5B6-2B02-4D70-A0BC-3F03073648C3}
		{24638955-B32F-4649-900C-73B79551598A} = {AA87A89A-F649-4DD5-AF23-A895A411FFD0}
		{01E93086-4516-42AB-8A8B-029509771EB2} = {AA87A89A-F649-4DD5-AF23-A895A411FFD0}
		{6030EA7E-F4F3-461B-9259-976117E09C5A} = {AA87A89A-F649-4DD5-AF23-A895A411FFD0}
		{328F53C4-0A83-4FFE-92D8-690D66E973BF} = {2F74C5B6-2B02-4D70-A0BC-3F03073648C3}
		{AF51C77B-2C81-447A-966E-D7796A978BAD} = {328F53C4-0A83-4FFE-92D8-690D66E973BF}
		{9007E2E3-8BBB-43A2-B51A-3524D4172E5C} = {328F53C4-0A83-4FFE-92D8-690D66E973BF}
		{68E79015-8209-4963-BAB8-7447ACE7426C} = {328F53C4-0A83-4FFE-92D8-690D66E973BF}
		{018CD316-3972-4A4C-8419-F3D0CB45B785} = {328F53C4-0A83-4FFE-92D8-690D66E973BF}
		{D2829D75-652F-421C-A4AC-BF26719FAF3D} = {2F74C5B6-2B02-4D70-A0BC-3F03073648C3}
		{6F015442-7C52-423E-A809-77E676DF5A96} = {D2829D75-652F-421C-A4AC-BF26719FAF3D}
		{E8FD6ED1-A9E8-4C7E-B93E-242331337959} = {2F74C5B6-2B02-4D70-A0BC-3F03073648C3}
		{02CF739E-D126-4C8A-9A1D-4CCCCF0A5475} = {E8FD6ED1-A9E8-4C7E-B93E-242331337959}
		{40D8D313-D35D-474E-BC5A-6621B64CD3D2} = {E8FD6ED1-A9E8-4C7E-B93E-242331337959}
		{38A256F9-C8E0-4AB0-AAF4-C4AE15B8F215} = {E8FD6ED1-A9E8-4C7E-B93E-242331337959}
		{C2621B68-5FDA-49B2-9AB3-1273160D5059} = {2F74C5B6-2B02-4D70-A0BC-3F03073648C3}
		{4430BF7D-5CE9-4EC4-B259-F75116BD8788} = {C2621B68-5FDA-49B2-9AB3-1273160D5059}
		{9B5E6EA6-A836-40B1-933F-6F5C057F00A9} = {2F74C5B6-2B02-4D70-A0BC-3F03073648C3}
		{10436C86-50E6-42C2-8B0A-884113D38F46} = {9B5E6EA6-A836-40B1-933F-6F5C057F00A9}
		{EE215162-4761-4858-B074-9447591D630C} = {9B5E6EA6-A836-40B1-933F-6F5C057F00A9}
		{064EB84A-A0BD-4B61-A383-6A35BC1B0685} = {9B5E6EA6-A836-40B1-933F-6F5C057F00A9}
		{6AF80ED3-BA9A-4CD3-847B-138D5CEC1826} = {9B5E6EA6-A836-40B1-933F-6F5C057F00A9}
		{D91789ED-B588-46AE-8449-EE31281B05A6} = {2F74C5B6-2B02-4D70-A0BC-3F03073648C3}
		{44FE44FB-B8CA-4DB8-9FAC-9A9276B95536} = {D91789ED-B588-46AE-8449-EE31281B05A6}
		{E4EC38C4-E86E-4FE8-8462-A01F4BFD96A7} = {44FE44FB-B8CA-4DB8-9FAC-9A9276B95536}
		{6F021DCA-E29C-4F7F-8306-E668769D3D49} = {44FE44FB-B8CA-4DB8-9FAC-9A9276B95536}
		{95A63C1E-3F3D-4C3B-A88A-5F4164C5B8F0} = {6F021DCA-E29C-4F7F-8306-E668769D3D49}
		{0182AD6A-C8FD-4610-A1DB-C18AEC166F5F} = {6F021DCA-E29C-4F7F-8306-E668769D3D49}
		{5B2D7AFE-1391-4B1E-8E83-780569386D49} = {6F021DCA-E29C-4F7F-8306-E668769D3D49}
		{C158C40B-5238-43D0-804A-DB579008A73A} = {6F021DCA-E29C-4F7F-8306-E668769D3D49}
		{AB6F6DE1-1A20-41B6-A35A-2E2DB5096303} = {44FE44FB-B8CA-4DB8-9FAC-9A9276B95536}
		{DA23CED0-C81A-4BAA-9565-9AEF76F4DC93} = {AB6F6DE1-1A20-41B6-A35A-2E2DB5096303}
		{FCF737E5-3A36-4337-B8E6-028CCD0B633A} = {AB6F6DE1-1A20-41B6-A35A-2E2DB5096303}
		{DCB7B9E3-88F8-412B-BCE9-E2A9A3A557DD} = {AB6F6DE1-1A20-41B6-A35A-2E2DB5096303}
		{72EB77E4-1B73-49CD-AD9F-AE3E8F28C891} = {AB6F6DE1-1A20-41B6-A35A-2E2DB5096303}
	EndGlobalSection
	GlobalSection(ExtensibilityGlobals) = postSolution
		SolutionGuid = {5179C6D7-D96E-4F30-9097-A760B4368BCC}
	EndGlobalSection
EndGlobal
