
Microsoft Visual Studio Solution File, Format Version 12.00
# Visual Studio Version 17
VisualStudioVersion = 17.6.33829.357
MinimumVisualStudioVersion = 10.0.40219.1
Project("{2150E333-8FDC-42A3-9474-1A3956D46DE8}") = "SampleApps", "SampleApps", "{2F74C5B6-2B02-4D70-A0BC-3F03073648C3}"
EndProject
Project("{FAE04EC0-301F-11D3-BF4B-00C04F79EFBC}") = "LSCore.DependencyInjection", "src\LSCore.DependencyInjection\LSCore.DependencyInjection.csproj", "{33A368FF-8C7A-49AA-83BE-41B680604B2B}"
EndProject
Project("{FAE04EC0-301F-11D3-BF4B-00C04F79EFBC}") = "LSCore.Build", "src\LSCore.Build\LSCore.Build.csproj", "{1626BAD4-0241-4236-BAFB-B7B5DBD57F2B}"
EndProject
Project("{2150E333-8FDC-42A3-9474-1A3956D46DE8}") = "LSCore.Auth.UserPass", "LSCore.Auth.UserPass", "{ADB40BDC-293F-4B98-954A-18F81B89BDA4}"
EndProject
Project("{FAE04EC0-301F-11D3-BF4B-00C04F79EFBC}") = "LSCore.Auth.UserPass.Domain", "src\LSCore.Auth\LSCore.Auth.UserPass.Domain\LSCore.Auth.UserPass.Domain.csproj", "{14F055BC-C132-41BD-8C56-CDD97073404F}"
EndProject
Project("{FAE04EC0-301F-11D3-BF4B-00C04F79EFBC}") = "LSCore.Auth.UserPass.Contracts", "src\LSCore.Auth\LSCore.Auth.UserPass.Contracts\LSCore.Auth.UserPass.Contracts.csproj", "{7D3C142F-8BA2-4840-8DAE-BDDF91FD4104}"
EndProject
Project("{2150E333-8FDC-42A3-9474-1A3956D46DE8}") = "LSCore.Auth", "LSCore.Auth", "{FF5B95D6-61C9-45BB-8980-E5F1F6000BA1}"
EndProject
Project("{FAE04EC0-301F-11D3-BF4B-00C04F79EFBC}") = "LSCore.Auth.Contracts", "src\LSCore.Auth\LSCore.Auth.Contracts\LSCore.Auth.Contracts.csproj", "{21338AE3-6802-43CE-A4BB-44B45B3AB1FB}"
EndProject
Project("{FAE04EC0-301F-11D3-BF4B-00C04F79EFBC}") = "LSCore.Auth.UserPass.DependencyInjection", "src\LSCore.Auth\LSCore.Auth.UserPass.DependencyInjection\LSCore.Auth.UserPass.DependencyInjection.csproj", "{ADD77539-F41F-485D-AC38-BE1DB2758664}"
EndProject
Project("{2150E333-8FDC-42A3-9474-1A3956D46DE8}") = "AuthUserPass", "AuthUserPass", "{5BBA8073-4F71-4663-B701-4664F57E2EF4}"
EndProject
Project("{FAE04EC0-301F-11D3-BF4B-00C04F79EFBC}") = "Sample.AuthUserPass.Api", "src\SampleApps\AuthPassword\Sample.AuthUserPass.Api\Sample.AuthUserPass.Api.csproj", "{1819D85D-C0EC-46E2-9CB1-A505A62D3A7C}"
EndProject
Project("{2150E333-8FDC-42A3-9474-1A3956D46DE8}") = "LSCore.Auth.Key", "LSCore.Auth.Key", "{24351BF8-13D5-47EB-AEDF-F002BB0475E9}"
EndProject
Project("{FAE04EC0-301F-11D3-BF4B-00C04F79EFBC}") = "LSCore.Auth.Key.Contracts", "src\LSCore.Auth\LSCore.Auth.Key.Contracts\LSCore.Auth.Key.Contracts.csproj", "{EA836996-CADB-4893-BBEE-5CB16F8A17ED}"
EndProject
Project("{FAE04EC0-301F-11D3-BF4B-00C04F79EFBC}") = "LSCore.Auth.Key.DependencyInjection", "src\LSCore.Auth\LSCore.Auth.Key.DependencyInjection\LSCore.Auth.Key.DependencyInjection.csproj", "{16323630-3DC1-4175-AFE0-00A8B833708B}"
EndProject
Project("{2150E333-8FDC-42A3-9474-1A3956D46DE8}") = "AuthKey", "AuthKey", "{E376F39D-D99D-4D0E-B8E7-0307C0E90FE6}"
EndProject
Project("{FAE04EC0-301F-11D3-BF4B-00C04F79EFBC}") = "Sample.AuthKey.Api", "src\SampleApps\AuthKey\Sample.AuthKey.Api\Sample.AuthKey.Api.csproj", "{AD79C069-D3CC-4C2C-AD3A-44CD9F58E003}"
EndProject
Project("{2150E333-8FDC-42A3-9474-1A3956D46DE8}") = "AuthCombined", "AuthCombined", "{D7EABE90-9A8A-4737-8870-F5A528792111}"
EndProject
Project("{FAE04EC0-301F-11D3-BF4B-00C04F79EFBC}") = "Sample.AuthCombined.Api", "src\SampleApps\AuthCombined\Sample.AuthCombined.Api\Sample.AuthCombined.Api.csproj", "{18FDDB0A-252E-4C01-AA0A-5480A784224C}"
EndProject
Project("{FAE04EC0-301F-11D3-BF4B-00C04F79EFBC}") = "LSCore.Logging", "src\LSCore.Logging\LSCore.Logging.csproj", "{FA291025-B8A9-46CC-B095-270139C77EE0}"
EndProject
Project("{2150E333-8FDC-42A3-9474-1A3956D46DE8}") = "LSCore.Auth.Role", "LSCore.Auth.Role", "{8E0DD9FB-8E1E-420D-A506-9BDF72BC4100}"
EndProject
Project("{FAE04EC0-301F-11D3-BF4B-00C04F79EFBC}") = "LSCore.Auth.Role.DependencyInjection", "src\LSCore.Auth\LSCore.Auth.Role.DependencyInjection\LSCore.Auth.Role.DependencyInjection.csproj", "{1F681CEC-275D-495E-A946-8D73A705A3C1}"
EndProject
Project("{FAE04EC0-301F-11D3-BF4B-00C04F79EFBC}") = "LSCore.Auth.Role.Contracts", "src\LSCore.Auth\LSCore.Auth.Role.Contracts\LSCore.Auth.Role.Contracts.csproj", "{0C161A66-A2D8-4A5F-8DC7-C55FF847E6B6}"
EndProject
Project("{2150E333-8FDC-42A3-9474-1A3956D46DE8}") = "AuthRole", "AuthRole", "{2FB1C011-67CA-4D7F-86C6-778ECB354532}"
EndProject
Project("{FAE04EC0-301F-11D3-BF4B-00C04F79EFBC}") = "Sample.AuthRole.Api", "src\SampleApps\AuthRole\Sample.AuthRole.Api\Sample.AuthRole.Api.csproj", "{98949EEA-2AE5-4A68-B3B1-C0144B8B3935}"
EndProject
Project("{2150E333-8FDC-42A3-9474-1A3956D46DE8}") = "LSCore.Auth.Permission", "LSCore.Auth.Permission", "{FCB6DAF0-B53A-47EC-8CDE-E233B727EB26}"
EndProject
Project("{FAE04EC0-301F-11D3-BF4B-00C04F79EFBC}") = "LSCore.Auth.Permission.DependencyInjection", "src\LSCore.Auth\LSCore.Auth.Permission.DependencyInjection\LSCore.Auth.Permission.DependencyInjection.csproj", "{BF401C07-7C72-4EB6-8ECA-6F6D3744B8DE}"
EndProject
Project("{FAE04EC0-301F-11D3-BF4B-00C04F79EFBC}") = "LSCore.Auth.Permission.Contracts", "src\LSCore.Auth\LSCore.Auth.Permission.Contracts\LSCore.Auth.Permission.Contracts.csproj", "{FE57DEFB-D101-4FB3-B9AB-70F6D68D22B0}"
EndProject
Project("{2150E333-8FDC-42A3-9474-1A3956D46DE8}") = "AuthPermission", "AuthPermission", "{67C12732-75AC-49C4-AA12-28F32BA9555C}"
EndProject
Project("{FAE04EC0-301F-11D3-BF4B-00C04F79EFBC}") = "Sample.AuthPermission.Api", "src\SampleApps\AuthPermission\Sample.AuthPermission.Api\Sample.AuthPermission.Api.csproj", "{D6291366-EC58-4AE0-BF41-A7C54A9E03B4}"
EndProject
Project("{FAE04EC0-301F-11D3-BF4B-00C04F79EFBC}") = "LSCore.Auth.Permission.Domain", "src\LSCore.Auth\LSCore.Auth.Permission.Domain\LSCore.Auth.Permission.Domain.csproj", "{6E212489-1936-4029-89CE-3E37C9967FBA}"
EndProject
Project("{FAE04EC0-301F-11D3-BF4B-00C04F79EFBC}") = "LSCore.Auth.Role.Domain", "src\LSCore.Auth\LSCore.Auth.Role.Domain\LSCore.Auth.Role.Domain.csproj", "{ACA264C9-9D98-47D9-B410-F8039BC40DEC}"
EndProject
Project("{2150E333-8FDC-42A3-9474-1A3956D46DE8}") = "LSCore.Validation", "LSCore.Validation", "{682A3B57-507A-45E0-83FD-8B00B4FBF40D}"
EndProject
Project("{FAE04EC0-301F-11D3-BF4B-00C04F79EFBC}") = "LSCore.Validation.Domain", "src\LSCore.Validation\LSCore.Validation.Domain\LSCore.Validation.Domain.csproj", "{2FE353AD-8B8D-4232-AD18-DFE70268C474}"
EndProject
Project("{FAE04EC0-301F-11D3-BF4B-00C04F79EFBC}") = "LSCore.Validation.Contracts", "src\LSCore.Validation\LSCore.Validation.Contracts\LSCore.Validation.Contracts.csproj", "{BE5F1E78-BF7A-4921-A7F8-3AFAB59D1AF2}"
EndProject
Project("{2150E333-8FDC-42A3-9474-1A3956D46DE8}") = "LSCore.Mapper", "LSCore.Mapper", "{142025E7-B4DD-465F-94B8-9CE55CE50754}"
EndProject
Project("{FAE04EC0-301F-11D3-BF4B-00C04F79EFBC}") = "LSCore.Mapper.Domain", "src\LSCore.Mapper\LSCore.Mapper.Domain\LSCore.Mapper.Domain.csproj", "{98E1C38A-7F80-46E1-BA44-A6389E60863A}"
EndProject
Project("{FAE04EC0-301F-11D3-BF4B-00C04F79EFBC}") = "LSCore.Mapper.Contracts", "src\LSCore.Mapper\LSCore.Mapper.Contracts\LSCore.Mapper.Contracts.csproj", "{6D849E1C-68D2-4BA2-8CC0-BDC73E351918}"
EndProject
Project("{2150E333-8FDC-42A3-9474-1A3956D46DE8}") = "LSCore.SortAndPage", "LSCore.SortAndPage", "{C00208C6-C199-44AE-8711-517BA9D6F2B7}"
EndProject
Project("{FAE04EC0-301F-11D3-BF4B-00C04F79EFBC}") = "LSCore.SortAndPage.Domain", "src\LSCore.SortAndPage\LSCore.SortAndPage.Domain\LSCore.SortAndPage.Domain.csproj", "{1CEB7FA1-8B30-4EB7-9BAB-8831ABD7904E}"
EndProject
Project("{FAE04EC0-301F-11D3-BF4B-00C04F79EFBC}") = "LSCore.SortAndPage.Contracts", "src\LSCore.SortAndPage\LSCore.SortAndPage.Contracts\LSCore.SortAndPage.Contracts.csproj", "{EAD35003-BD7E-4A07-8125-6EC90A45067F}"
EndProject
Project("{2150E333-8FDC-42A3-9474-1A3956D46DE8}") = "Validation", "Validation", "{09BBFB8F-8ED7-470A-A765-4B90C9D9D793}"
EndProject
Project("{FAE04EC0-301F-11D3-BF4B-00C04F79EFBC}") = "Sample.Validation.Api", "src\SampleApps\Validation\Sample.Validation.Api\Sample.Validation.Api.csproj", "{9B8F34D9-CE41-47E4-BB03-E48E58874821}"
EndProject
Project("{2150E333-8FDC-42A3-9474-1A3956D46DE8}") = "ValidationWithRepository", "ValidationWithRepository", "{95E431EF-A8C0-4375-B803-8A1F698E1B41}"
EndProject
Project("{FAE04EC0-301F-11D3-BF4B-00C04F79EFBC}") = "Sample.ValidationWithRepository.Api", "src\SampleApps\Sample.ValidationWithRepository.Api\Sample.ValidationWithRepository.Api.csproj", "{E6788F04-BDE7-47B4-B9DF-021490E5E490}"
EndProject
Project("{2150E333-8FDC-42A3-9474-1A3956D46DE8}") = "Mapper", "Mapper", "{70E05396-E618-4317-BD34-470A9D99F33C}"
EndProject
Project("{FAE04EC0-301F-11D3-BF4B-00C04F79EFBC}") = "Sample.Mapper.Api", "src\SampleApps\Mapper\Sample.Mapper.Api\Sample.Mapper.Api.csproj", "{B1E0230B-925C-4716-A5CB-782FFDC91AB3}"
EndProject
Project("{2150E333-8FDC-42A3-9474-1A3956D46DE8}") = "LSCore.Repository", "LSCore.Repository", "{65627CE3-6E05-428F-BB07-07DE846CE8B6}"
EndProject
Project("{FAE04EC0-301F-11D3-BF4B-00C04F79EFBC}") = "LSCore.Repository", "src\LSCore.Repository\LSCore.Repository\LSCore.Repository.csproj", "{3325FCF9-D934-4733-B94F-2BDC5FD02C93}"
EndProject
Project("{FAE04EC0-301F-11D3-BF4B-00C04F79EFBC}") = "LSCore.Repository.Contracts", "src\LSCore.Repository\LSCore.Repository.Contracts\LSCore.Repository.Contracts.csproj", "{6BB2CEB9-0F96-41DB-A1EC-64A7C1D8ECCD}"
EndProject
Project("{2150E333-8FDC-42A3-9474-1A3956D46DE8}") = "LSCore.ApiClient", "LSCore.ApiClient", "{7D2AAE72-582D-4F63-B43D-359052760ADE}"
EndProject
Project("{FAE04EC0-301F-11D3-BF4B-00C04F79EFBC}") = "LSCore.ApiClient.Rest.DependencyInjection", "src\LSCore.ApiClient\LSCore.ApiClient.Rest.DependencyInjection\LSCore.ApiClient.Rest.DependencyInjection.csproj", "{AABD0065-FB9C-4716-863B-2F8989C737C0}"
EndProject
Project("{FAE04EC0-301F-11D3-BF4B-00C04F79EFBC}") = "LSCore.ApiClient.Rest", "src\LSCore.ApiClient\LSCore.ApiClient.Rest\LSCore.ApiClient.Rest.csproj", "{748F9C37-73E6-4B7D-9EB4-6D6706EF293F}"
EndProject
Project("{2150E333-8FDC-42A3-9474-1A3956D46DE8}") = "LSCore.Exceptions", "LSCore.Exceptions", "{6C5ABFCC-4AE4-4369-9CD3-B1C7A8EE873B}"
EndProject
Project("{FAE04EC0-301F-11D3-BF4B-00C04F79EFBC}") = "LSCore.Exceptions", "src\LSCore.Exceptions\LSCore.Exceptions\LSCore.Exceptions.csproj", "{DD3FAE05-4A55-4B48-ABF3-2863D2A9E420}"
EndProject
Project("{FAE04EC0-301F-11D3-BF4B-00C04F79EFBC}") = "LSCore.Exceptions.DependencyInjection", "src\LSCore.Exceptions\LSCore.Exceptions.DependencyInjection\LSCore.Exceptions.DependencyInjection.csproj", "{BF622954-8102-4FC5-9B78-98DDF6E086A3}"
EndProject
Project("{2150E333-8FDC-42A3-9474-1A3956D46DE8}") = "SortAndPage", "SortAndPage", "{352F13BE-7AAC-4CF8-A99E-02E69491360A}"
EndProject
Project("{FAE04EC0-301F-11D3-BF4B-00C04F79EFBC}") = "Sample.SortAndPage.Api", "src\SampleApps\SortAndPage\Sample.SortAndPage.Api\Sample.SortAndPage.Api.csproj", "{66173BBF-B507-426E-8F55-30244F7C32C7}"
EndProject
Global
	GlobalSection(SolutionConfigurationPlatforms) = preSolution
		Debug|Any CPU = Debug|Any CPU
		Release|Any CPU = Release|Any CPU
	EndGlobalSection
	GlobalSection(ProjectConfigurationPlatforms) = postSolution
		{33A368FF-8C7A-49AA-83BE-41B680604B2B}.Debug|Any CPU.ActiveCfg = Debug|Any CPU
		{33A368FF-8C7A-49AA-83BE-41B680604B2B}.Debug|Any CPU.Build.0 = Debug|Any CPU
		{33A368FF-8C7A-49AA-83BE-41B680604B2B}.Release|Any CPU.ActiveCfg = Release|Any CPU
		{33A368FF-8C7A-49AA-83BE-41B680604B2B}.Release|Any CPU.Build.0 = Release|Any CPU
		{1626BAD4-0241-4236-BAFB-B7B5DBD57F2B}.Debug|Any CPU.ActiveCfg = Debug|Any CPU
		{1626BAD4-0241-4236-BAFB-B7B5DBD57F2B}.Debug|Any CPU.Build.0 = Debug|Any CPU
		{1626BAD4-0241-4236-BAFB-B7B5DBD57F2B}.Release|Any CPU.ActiveCfg = Release|Any CPU
		{1626BAD4-0241-4236-BAFB-B7B5DBD57F2B}.Release|Any CPU.Build.0 = Release|Any CPU
		{14F055BC-C132-41BD-8C56-CDD97073404F}.Debug|Any CPU.ActiveCfg = Debug|Any CPU
		{14F055BC-C132-41BD-8C56-CDD97073404F}.Debug|Any CPU.Build.0 = Debug|Any CPU
		{14F055BC-C132-41BD-8C56-CDD97073404F}.Release|Any CPU.ActiveCfg = Release|Any CPU
		{14F055BC-C132-41BD-8C56-CDD97073404F}.Release|Any CPU.Build.0 = Release|Any CPU
		{7D3C142F-8BA2-4840-8DAE-BDDF91FD4104}.Debug|Any CPU.ActiveCfg = Debug|Any CPU
		{7D3C142F-8BA2-4840-8DAE-BDDF91FD4104}.Debug|Any CPU.Build.0 = Debug|Any CPU
		{7D3C142F-8BA2-4840-8DAE-BDDF91FD4104}.Release|Any CPU.ActiveCfg = Release|Any CPU
		{7D3C142F-8BA2-4840-8DAE-BDDF91FD4104}.Release|Any CPU.Build.0 = Release|Any CPU
		{21338AE3-6802-43CE-A4BB-44B45B3AB1FB}.Debug|Any CPU.ActiveCfg = Debug|Any CPU
		{21338AE3-6802-43CE-A4BB-44B45B3AB1FB}.Debug|Any CPU.Build.0 = Debug|Any CPU
		{21338AE3-6802-43CE-A4BB-44B45B3AB1FB}.Release|Any CPU.ActiveCfg = Release|Any CPU
		{21338AE3-6802-43CE-A4BB-44B45B3AB1FB}.Release|Any CPU.Build.0 = Release|Any CPU
		{ADD77539-F41F-485D-AC38-BE1DB2758664}.Debug|Any CPU.ActiveCfg = Debug|Any CPU
		{ADD77539-F41F-485D-AC38-BE1DB2758664}.Debug|Any CPU.Build.0 = Debug|Any CPU
		{ADD77539-F41F-485D-AC38-BE1DB2758664}.Release|Any CPU.ActiveCfg = Release|Any CPU
		{ADD77539-F41F-485D-AC38-BE1DB2758664}.Release|Any CPU.Build.0 = Release|Any CPU
		{1819D85D-C0EC-46E2-9CB1-A505A62D3A7C}.Debug|Any CPU.ActiveCfg = Debug|Any CPU
		{1819D85D-C0EC-46E2-9CB1-A505A62D3A7C}.Debug|Any CPU.Build.0 = Debug|Any CPU
		{1819D85D-C0EC-46E2-9CB1-A505A62D3A7C}.Release|Any CPU.ActiveCfg = Release|Any CPU
		{1819D85D-C0EC-46E2-9CB1-A505A62D3A7C}.Release|Any CPU.Build.0 = Release|Any CPU
		{EA836996-CADB-4893-BBEE-5CB16F8A17ED}.Debug|Any CPU.ActiveCfg = Debug|Any CPU
		{EA836996-CADB-4893-BBEE-5CB16F8A17ED}.Debug|Any CPU.Build.0 = Debug|Any CPU
		{EA836996-CADB-4893-BBEE-5CB16F8A17ED}.Release|Any CPU.ActiveCfg = Release|Any CPU
		{EA836996-CADB-4893-BBEE-5CB16F8A17ED}.Release|Any CPU.Build.0 = Release|Any CPU
		{16323630-3DC1-4175-AFE0-00A8B833708B}.Debug|Any CPU.ActiveCfg = Debug|Any CPU
		{16323630-3DC1-4175-AFE0-00A8B833708B}.Debug|Any CPU.Build.0 = Debug|Any CPU
		{16323630-3DC1-4175-AFE0-00A8B833708B}.Release|Any CPU.ActiveCfg = Release|Any CPU
		{16323630-3DC1-4175-AFE0-00A8B833708B}.Release|Any CPU.Build.0 = Release|Any CPU
		{AD79C069-D3CC-4C2C-AD3A-44CD9F58E003}.Debug|Any CPU.ActiveCfg = Debug|Any CPU
		{AD79C069-D3CC-4C2C-AD3A-44CD9F58E003}.Debug|Any CPU.Build.0 = Debug|Any CPU
		{AD79C069-D3CC-4C2C-AD3A-44CD9F58E003}.Release|Any CPU.ActiveCfg = Release|Any CPU
		{AD79C069-D3CC-4C2C-AD3A-44CD9F58E003}.Release|Any CPU.Build.0 = Release|Any CPU
		{18FDDB0A-252E-4C01-AA0A-5480A784224C}.Debug|Any CPU.ActiveCfg = Debug|Any CPU
		{18FDDB0A-252E-4C01-AA0A-5480A784224C}.Debug|Any CPU.Build.0 = Debug|Any CPU
		{18FDDB0A-252E-4C01-AA0A-5480A784224C}.Release|Any CPU.ActiveCfg = Release|Any CPU
		{18FDDB0A-252E-4C01-AA0A-5480A784224C}.Release|Any CPU.Build.0 = Release|Any CPU
		{FA291025-B8A9-46CC-B095-270139C77EE0}.Debug|Any CPU.ActiveCfg = Debug|Any CPU
		{FA291025-B8A9-46CC-B095-270139C77EE0}.Debug|Any CPU.Build.0 = Debug|Any CPU
		{FA291025-B8A9-46CC-B095-270139C77EE0}.Release|Any CPU.ActiveCfg = Release|Any CPU
		{FA291025-B8A9-46CC-B095-270139C77EE0}.Release|Any CPU.Build.0 = Release|Any CPU
		{1F681CEC-275D-495E-A946-8D73A705A3C1}.Debug|Any CPU.ActiveCfg = Debug|Any CPU
		{1F681CEC-275D-495E-A946-8D73A705A3C1}.Debug|Any CPU.Build.0 = Debug|Any CPU
		{1F681CEC-275D-495E-A946-8D73A705A3C1}.Release|Any CPU.ActiveCfg = Release|Any CPU
		{1F681CEC-275D-495E-A946-8D73A705A3C1}.Release|Any CPU.Build.0 = Release|Any CPU
		{0C161A66-A2D8-4A5F-8DC7-C55FF847E6B6}.Debug|Any CPU.ActiveCfg = Debug|Any CPU
		{0C161A66-A2D8-4A5F-8DC7-C55FF847E6B6}.Debug|Any CPU.Build.0 = Debug|Any CPU
		{0C161A66-A2D8-4A5F-8DC7-C55FF847E6B6}.Release|Any CPU.ActiveCfg = Release|Any CPU
		{0C161A66-A2D8-4A5F-8DC7-C55FF847E6B6}.Release|Any CPU.Build.0 = Release|Any CPU
		{98949EEA-2AE5-4A68-B3B1-C0144B8B3935}.Debug|Any CPU.ActiveCfg = Debug|Any CPU
		{98949EEA-2AE5-4A68-B3B1-C0144B8B3935}.Debug|Any CPU.Build.0 = Debug|Any CPU
		{98949EEA-2AE5-4A68-B3B1-C0144B8B3935}.Release|Any CPU.ActiveCfg = Release|Any CPU
		{98949EEA-2AE5-4A68-B3B1-C0144B8B3935}.Release|Any CPU.Build.0 = Release|Any CPU
		{BF401C07-7C72-4EB6-8ECA-6F6D3744B8DE}.Debug|Any CPU.ActiveCfg = Debug|Any CPU
		{BF401C07-7C72-4EB6-8ECA-6F6D3744B8DE}.Debug|Any CPU.Build.0 = Debug|Any CPU
		{BF401C07-7C72-4EB6-8ECA-6F6D3744B8DE}.Release|Any CPU.ActiveCfg = Release|Any CPU
		{BF401C07-7C72-4EB6-8ECA-6F6D3744B8DE}.Release|Any CPU.Build.0 = Release|Any CPU
		{FE57DEFB-D101-4FB3-B9AB-70F6D68D22B0}.Debug|Any CPU.ActiveCfg = Debug|Any CPU
		{FE57DEFB-D101-4FB3-B9AB-70F6D68D22B0}.Debug|Any CPU.Build.0 = Debug|Any CPU
		{FE57DEFB-D101-4FB3-B9AB-70F6D68D22B0}.Release|Any CPU.ActiveCfg = Release|Any CPU
		{FE57DEFB-D101-4FB3-B9AB-70F6D68D22B0}.Release|Any CPU.Build.0 = Release|Any CPU
		{D6291366-EC58-4AE0-BF41-A7C54A9E03B4}.Debug|Any CPU.ActiveCfg = Debug|Any CPU
		{D6291366-EC58-4AE0-BF41-A7C54A9E03B4}.Debug|Any CPU.Build.0 = Debug|Any CPU
		{D6291366-EC58-4AE0-BF41-A7C54A9E03B4}.Release|Any CPU.ActiveCfg = Release|Any CPU
		{D6291366-EC58-4AE0-BF41-A7C54A9E03B4}.Release|Any CPU.Build.0 = Release|Any CPU
		{6E212489-1936-4029-89CE-3E37C9967FBA}.Debug|Any CPU.ActiveCfg = Debug|Any CPU
		{6E212489-1936-4029-89CE-3E37C9967FBA}.Debug|Any CPU.Build.0 = Debug|Any CPU
		{6E212489-1936-4029-89CE-3E37C9967FBA}.Release|Any CPU.ActiveCfg = Release|Any CPU
		{6E212489-1936-4029-89CE-3E37C9967FBA}.Release|Any CPU.Build.0 = Release|Any CPU
		{ACA264C9-9D98-47D9-B410-F8039BC40DEC}.Debug|Any CPU.ActiveCfg = Debug|Any CPU
		{ACA264C9-9D98-47D9-B410-F8039BC40DEC}.Debug|Any CPU.Build.0 = Debug|Any CPU
		{ACA264C9-9D98-47D9-B410-F8039BC40DEC}.Release|Any CPU.ActiveCfg = Release|Any CPU
		{ACA264C9-9D98-47D9-B410-F8039BC40DEC}.Release|Any CPU.Build.0 = Release|Any CPU
		{2FE353AD-8B8D-4232-AD18-DFE70268C474}.Debug|Any CPU.ActiveCfg = Debug|Any CPU
		{2FE353AD-8B8D-4232-AD18-DFE70268C474}.Debug|Any CPU.Build.0 = Debug|Any CPU
		{2FE353AD-8B8D-4232-AD18-DFE70268C474}.Release|Any CPU.ActiveCfg = Release|Any CPU
		{2FE353AD-8B8D-4232-AD18-DFE70268C474}.Release|Any CPU.Build.0 = Release|Any CPU
		{BE5F1E78-BF7A-4921-A7F8-3AFAB59D1AF2}.Debug|Any CPU.ActiveCfg = Debug|Any CPU
		{BE5F1E78-BF7A-4921-A7F8-3AFAB59D1AF2}.Debug|Any CPU.Build.0 = Debug|Any CPU
		{BE5F1E78-BF7A-4921-A7F8-3AFAB59D1AF2}.Release|Any CPU.ActiveCfg = Release|Any CPU
		{BE5F1E78-BF7A-4921-A7F8-3AFAB59D1AF2}.Release|Any CPU.Build.0 = Release|Any CPU
		{98E1C38A-7F80-46E1-BA44-A6389E60863A}.Debug|Any CPU.ActiveCfg = Debug|Any CPU
		{98E1C38A-7F80-46E1-BA44-A6389E60863A}.Debug|Any CPU.Build.0 = Debug|Any CPU
		{98E1C38A-7F80-46E1-BA44-A6389E60863A}.Release|Any CPU.ActiveCfg = Release|Any CPU
		{98E1C38A-7F80-46E1-BA44-A6389E60863A}.Release|Any CPU.Build.0 = Release|Any CPU
		{6D849E1C-68D2-4BA2-8CC0-BDC73E351918}.Debug|Any CPU.ActiveCfg = Debug|Any CPU
		{6D849E1C-68D2-4BA2-8CC0-BDC73E351918}.Debug|Any CPU.Build.0 = Debug|Any CPU
		{6D849E1C-68D2-4BA2-8CC0-BDC73E351918}.Release|Any CPU.ActiveCfg = Release|Any CPU
		{6D849E1C-68D2-4BA2-8CC0-BDC73E351918}.Release|Any CPU.Build.0 = Release|Any CPU
		{1CEB7FA1-8B30-4EB7-9BAB-8831ABD7904E}.Debug|Any CPU.ActiveCfg = Debug|Any CPU
		{1CEB7FA1-8B30-4EB7-9BAB-8831ABD7904E}.Debug|Any CPU.Build.0 = Debug|Any CPU
		{1CEB7FA1-8B30-4EB7-9BAB-8831ABD7904E}.Release|Any CPU.ActiveCfg = Release|Any CPU
		{1CEB7FA1-8B30-4EB7-9BAB-8831ABD7904E}.Release|Any CPU.Build.0 = Release|Any CPU
		{EAD35003-BD7E-4A07-8125-6EC90A45067F}.Debug|Any CPU.ActiveCfg = Debug|Any CPU
		{EAD35003-BD7E-4A07-8125-6EC90A45067F}.Debug|Any CPU.Build.0 = Debug|Any CPU
		{EAD35003-BD7E-4A07-8125-6EC90A45067F}.Release|Any CPU.ActiveCfg = Release|Any CPU
		{EAD35003-BD7E-4A07-8125-6EC90A45067F}.Release|Any CPU.Build.0 = Release|Any CPU
		{9B8F34D9-CE41-47E4-BB03-E48E58874821}.Debug|Any CPU.ActiveCfg = Debug|Any CPU
		{9B8F34D9-CE41-47E4-BB03-E48E58874821}.Debug|Any CPU.Build.0 = Debug|Any CPU
		{9B8F34D9-CE41-47E4-BB03-E48E58874821}.Release|Any CPU.ActiveCfg = Release|Any CPU
		{9B8F34D9-CE41-47E4-BB03-E48E58874821}.Release|Any CPU.Build.0 = Release|Any CPU
		{E6788F04-BDE7-47B4-B9DF-021490E5E490}.Debug|Any CPU.ActiveCfg = Debug|Any CPU
		{E6788F04-BDE7-47B4-B9DF-021490E5E490}.Debug|Any CPU.Build.0 = Debug|Any CPU
		{E6788F04-BDE7-47B4-B9DF-021490E5E490}.Release|Any CPU.ActiveCfg = Release|Any CPU
		{E6788F04-BDE7-47B4-B9DF-021490E5E490}.Release|Any CPU.Build.0 = Release|Any CPU
		{B1E0230B-925C-4716-A5CB-782FFDC91AB3}.Debug|Any CPU.ActiveCfg = Debug|Any CPU
		{B1E0230B-925C-4716-A5CB-782FFDC91AB3}.Debug|Any CPU.Build.0 = Debug|Any CPU
		{B1E0230B-925C-4716-A5CB-782FFDC91AB3}.Release|Any CPU.ActiveCfg = Release|Any CPU
		{B1E0230B-925C-4716-A5CB-782FFDC91AB3}.Release|Any CPU.Build.0 = Release|Any CPU
		{3325FCF9-D934-4733-B94F-2BDC5FD02C93}.Debug|Any CPU.ActiveCfg = Debug|Any CPU
		{3325FCF9-D934-4733-B94F-2BDC5FD02C93}.Debug|Any CPU.Build.0 = Debug|Any CPU
		{3325FCF9-D934-4733-B94F-2BDC5FD02C93}.Release|Any CPU.ActiveCfg = Release|Any CPU
		{3325FCF9-D934-4733-B94F-2BDC5FD02C93}.Release|Any CPU.Build.0 = Release|Any CPU
		{6BB2CEB9-0F96-41DB-A1EC-64A7C1D8ECCD}.Debug|Any CPU.ActiveCfg = Debug|Any CPU
		{6BB2CEB9-0F96-41DB-A1EC-64A7C1D8ECCD}.Debug|Any CPU.Build.0 = Debug|Any CPU
		{6BB2CEB9-0F96-41DB-A1EC-64A7C1D8ECCD}.Release|Any CPU.ActiveCfg = Release|Any CPU
		{6BB2CEB9-0F96-41DB-A1EC-64A7C1D8ECCD}.Release|Any CPU.Build.0 = Release|Any CPU
		{AABD0065-FB9C-4716-863B-2F8989C737C0}.Debug|Any CPU.ActiveCfg = Debug|Any CPU
		{AABD0065-FB9C-4716-863B-2F8989C737C0}.Debug|Any CPU.Build.0 = Debug|Any CPU
		{AABD0065-FB9C-4716-863B-2F8989C737C0}.Release|Any CPU.ActiveCfg = Release|Any CPU
		{AABD0065-FB9C-4716-863B-2F8989C737C0}.Release|Any CPU.Build.0 = Release|Any CPU
		{748F9C37-73E6-4B7D-9EB4-6D6706EF293F}.Debug|Any CPU.ActiveCfg = Debug|Any CPU
		{748F9C37-73E6-4B7D-9EB4-6D6706EF293F}.Debug|Any CPU.Build.0 = Debug|Any CPU
		{748F9C37-73E6-4B7D-9EB4-6D6706EF293F}.Release|Any CPU.ActiveCfg = Release|Any CPU
		{748F9C37-73E6-4B7D-9EB4-6D6706EF293F}.Release|Any CPU.Build.0 = Release|Any CPU
		{DD3FAE05-4A55-4B48-ABF3-2863D2A9E420}.Debug|Any CPU.ActiveCfg = Debug|Any CPU
		{DD3FAE05-4A55-4B48-ABF3-2863D2A9E420}.Debug|Any CPU.Build.0 = Debug|Any CPU
		{DD3FAE05-4A55-4B48-ABF3-2863D2A9E420}.Release|Any CPU.ActiveCfg = Release|Any CPU
		{DD3FAE05-4A55-4B48-ABF3-2863D2A9E420}.Release|Any CPU.Build.0 = Release|Any CPU
		{BF622954-8102-4FC5-9B78-98DDF6E086A3}.Debug|Any CPU.ActiveCfg = Debug|Any CPU
		{BF622954-8102-4FC5-9B78-98DDF6E086A3}.Debug|Any CPU.Build.0 = Debug|Any CPU
		{BF622954-8102-4FC5-9B78-98DDF6E086A3}.Release|Any CPU.ActiveCfg = Release|Any CPU
		{BF622954-8102-4FC5-9B78-98DDF6E086A3}.Release|Any CPU.Build.0 = Release|Any CPU
		{66173BBF-B507-426E-8F55-30244F7C32C7}.Debug|Any CPU.ActiveCfg = Debug|Any CPU
		{66173BBF-B507-426E-8F55-30244F7C32C7}.Debug|Any CPU.Build.0 = Debug|Any CPU
		{66173BBF-B507-426E-8F55-30244F7C32C7}.Release|Any CPU.ActiveCfg = Release|Any CPU
		{66173BBF-B507-426E-8F55-30244F7C32C7}.Release|Any CPU.Build.0 = Release|Any CPU
	EndGlobalSection
	GlobalSection(SolutionProperties) = preSolution
		HideSolutionNode = FALSE
	EndGlobalSection
	GlobalSection(NestedProjects) = preSolution
	GlobalSection(ExtensibilityGlobals) = postSolution
		SolutionGuid = {5179C6D7-D96E-4F30-9097-A760B4368BCC}
		{14F055BC-C132-41BD-8C56-CDD97073404F} = {ADB40BDC-293F-4B98-954A-18F81B89BDA4}
		{7D3C142F-8BA2-4840-8DAE-BDDF91FD4104} = {ADB40BDC-293F-4B98-954A-18F81B89BDA4}
		{ADB40BDC-293F-4B98-954A-18F81B89BDA4} = {FF5B95D6-61C9-45BB-8980-E5F1F6000BA1}
		{21338AE3-6802-43CE-A4BB-44B45B3AB1FB} = {FF5B95D6-61C9-45BB-8980-E5F1F6000BA1}
		{ADD77539-F41F-485D-AC38-BE1DB2758664} = {ADB40BDC-293F-4B98-954A-18F81B89BDA4}
		{5BBA8073-4F71-4663-B701-4664F57E2EF4} = {2F74C5B6-2B02-4D70-A0BC-3F03073648C3}
		{1819D85D-C0EC-46E2-9CB1-A505A62D3A7C} = {5BBA8073-4F71-4663-B701-4664F57E2EF4}
		{24351BF8-13D5-47EB-AEDF-F002BB0475E9} = {FF5B95D6-61C9-45BB-8980-E5F1F6000BA1}
		{EA836996-CADB-4893-BBEE-5CB16F8A17ED} = {24351BF8-13D5-47EB-AEDF-F002BB0475E9}
		{16323630-3DC1-4175-AFE0-00A8B833708B} = {24351BF8-13D5-47EB-AEDF-F002BB0475E9}
		{E376F39D-D99D-4D0E-B8E7-0307C0E90FE6} = {2F74C5B6-2B02-4D70-A0BC-3F03073648C3}
		{AD79C069-D3CC-4C2C-AD3A-44CD9F58E003} = {E376F39D-D99D-4D0E-B8E7-0307C0E90FE6}
		{D7EABE90-9A8A-4737-8870-F5A528792111} = {2F74C5B6-2B02-4D70-A0BC-3F03073648C3}
		{18FDDB0A-252E-4C01-AA0A-5480A784224C} = {D7EABE90-9A8A-4737-8870-F5A528792111}
		{8E0DD9FB-8E1E-420D-A506-9BDF72BC4100} = {FF5B95D6-61C9-45BB-8980-E5F1F6000BA1}
		{1F681CEC-275D-495E-A946-8D73A705A3C1} = {8E0DD9FB-8E1E-420D-A506-9BDF72BC4100}
		{0C161A66-A2D8-4A5F-8DC7-C55FF847E6B6} = {8E0DD9FB-8E1E-420D-A506-9BDF72BC4100}
		{2FB1C011-67CA-4D7F-86C6-778ECB354532} = {2F74C5B6-2B02-4D70-A0BC-3F03073648C3}
		{98949EEA-2AE5-4A68-B3B1-C0144B8B3935} = {2FB1C011-67CA-4D7F-86C6-778ECB354532}
		{FCB6DAF0-B53A-47EC-8CDE-E233B727EB26} = {FF5B95D6-61C9-45BB-8980-E5F1F6000BA1}
		{BF401C07-7C72-4EB6-8ECA-6F6D3744B8DE} = {FCB6DAF0-B53A-47EC-8CDE-E233B727EB26}
		{FE57DEFB-D101-4FB3-B9AB-70F6D68D22B0} = {FCB6DAF0-B53A-47EC-8CDE-E233B727EB26}
		{67C12732-75AC-49C4-AA12-28F32BA9555C} = {2F74C5B6-2B02-4D70-A0BC-3F03073648C3}
		{D6291366-EC58-4AE0-BF41-A7C54A9E03B4} = {67C12732-75AC-49C4-AA12-28F32BA9555C}
		{6E212489-1936-4029-89CE-3E37C9967FBA} = {FCB6DAF0-B53A-47EC-8CDE-E233B727EB26}
		{ACA264C9-9D98-47D9-B410-F8039BC40DEC} = {8E0DD9FB-8E1E-420D-A506-9BDF72BC4100}
		{2FE353AD-8B8D-4232-AD18-DFE70268C474} = {682A3B57-507A-45E0-83FD-8B00B4FBF40D}
		{BE5F1E78-BF7A-4921-A7F8-3AFAB59D1AF2} = {682A3B57-507A-45E0-83FD-8B00B4FBF40D}
		{98E1C38A-7F80-46E1-BA44-A6389E60863A} = {142025E7-B4DD-465F-94B8-9CE55CE50754}
		{6D849E1C-68D2-4BA2-8CC0-BDC73E351918} = {142025E7-B4DD-465F-94B8-9CE55CE50754}
		{1CEB7FA1-8B30-4EB7-9BAB-8831ABD7904E} = {C00208C6-C199-44AE-8711-517BA9D6F2B7}
		{EAD35003-BD7E-4A07-8125-6EC90A45067F} = {C00208C6-C199-44AE-8711-517BA9D6F2B7}
		{09BBFB8F-8ED7-470A-A765-4B90C9D9D793} = {2F74C5B6-2B02-4D70-A0BC-3F03073648C3}
		{9B8F34D9-CE41-47E4-BB03-E48E58874821} = {09BBFB8F-8ED7-470A-A765-4B90C9D9D793}
		{95E431EF-A8C0-4375-B803-8A1F698E1B41} = {2F74C5B6-2B02-4D70-A0BC-3F03073648C3}
		{E6788F04-BDE7-47B4-B9DF-021490E5E490} = {95E431EF-A8C0-4375-B803-8A1F698E1B41}
		{70E05396-E618-4317-BD34-470A9D99F33C} = {2F74C5B6-2B02-4D70-A0BC-3F03073648C3}
		{B1E0230B-925C-4716-A5CB-782FFDC91AB3} = {70E05396-E618-4317-BD34-470A9D99F33C}
		{3325FCF9-D934-4733-B94F-2BDC5FD02C93} = {65627CE3-6E05-428F-BB07-07DE846CE8B6}
		{6BB2CEB9-0F96-41DB-A1EC-64A7C1D8ECCD} = {65627CE3-6E05-428F-BB07-07DE846CE8B6}
		{AABD0065-FB9C-4716-863B-2F8989C737C0} = {7D2AAE72-582D-4F63-B43D-359052760ADE}
		{748F9C37-73E6-4B7D-9EB4-6D6706EF293F} = {7D2AAE72-582D-4F63-B43D-359052760ADE}
		{DD3FAE05-4A55-4B48-ABF3-2863D2A9E420} = {6C5ABFCC-4AE4-4369-9CD3-B1C7A8EE873B}
		{BF622954-8102-4FC5-9B78-98DDF6E086A3} = {6C5ABFCC-4AE4-4369-9CD3-B1C7A8EE873B}
		{352F13BE-7AAC-4CF8-A99E-02E69491360A} = {2F74C5B6-2B02-4D70-A0BC-3F03073648C3}
		{66173BBF-B507-426E-8F55-30244F7C32C7} = {352F13BE-7AAC-4CF8-A99E-02E69491360A}
	EndGlobalSection
EndGlobal
