
Microsoft Visual Studio Solution File, Format Version 12.00
# Visual Studio Version 17
VisualStudioVersion = 17.6.33829.357
MinimumVisualStudioVersion = 10.0.40219.1
Project("{9A19103F-16F7-4668-BE54-9A1E7A4F7556}") = "LSCore.Framework", "src\LSCore.Framework\LSCore.Framework.csproj", "{64F02289-F003-4170-8E57-F617F66B9357}"
EndProject
Project("{9A19103F-16F7-4668-BE54-9A1E7A4F7556}") = "LSCore.Contracts", "src\LSCore.Contracts\LSCore.Contracts.csproj", "{3BF8A48E-CB9E-49E4-ADC5-BCA61007941A}"
EndProject
Project("{9A19103F-16F7-4668-BE54-9A1E7A4F7556}") = "LSCore.Domain", "src\LSCore.Domain\LSCore.Domain.csproj", "{2F538119-5E1D-4D93-AB99-79783BEEAE98}"
EndProject
Project("{9A19103F-16F7-4668-BE54-9A1E7A4F7556}") = "LSCore.Repository", "src\LSCore.Repository\LSCore.Repository.csproj", "{056C712D-ED3B-44D9-B5B5-42D148E19AAB}"
EndProject
Project("{2150E333-8FDC-42A3-9474-1A3956D46DE8}") = "SP", "SP", "{97AD2495-1B55-4C4C-845B-1A142415B7A5}"
EndProject
Project("{2150E333-8FDC-42A3-9474-1A3956D46DE8}") = "Simple", "Simple", "{6CC2F032-8BF5-4D7D-AAD0-665D26FF9771}"
EndProject
Project("{9A19103F-16F7-4668-BE54-9A1E7A4F7556}") = "SP.Simple.Domain", "sample-projects\Simple\SP.Simple.Domain\SP.Simple.Domain.csproj", "{4626AF32-683D-49D3-810D-81D2DB07FCED}"
EndProject
Project("{9A19103F-16F7-4668-BE54-9A1E7A4F7556}") = "SP.Simple.Api", "sample-projects\Simple\SP.Simple.Api\SP.Simple.Api.csproj", "{28DF471F-33F2-414D-98FC-EE6026843BAD}"
EndProject
Project("{9A19103F-16F7-4668-BE54-9A1E7A4F7556}") = "SP.Simple.Contracts", "sample-projects\Simple\SP.Simple.Contracts\SP.Simple.Contracts.csproj", "{1C03658D-A7C7-4C64-AEB9-336D32BA0AAD}"
EndProject
Project("{2150E333-8FDC-42A3-9474-1A3956D46DE8}") = "DbMigration", "DbMigration", "{529D4D0C-72BD-4F12-B1CB-5683B7712E76}"
EndProject
Project("{FAE04EC0-301F-11D3-BF4B-00C04F79EFBC}") = "SP.DbMigration.App", "sample-projects\DbMigration\SP.DbMigration.App\SP.DbMigration.App.csproj", "{C47DC119-E30C-4CA5-9438-CC80D1069288}"
EndProject
Project("{FAE04EC0-301F-11D3-BF4B-00C04F79EFBC}") = "SP.DbMigration.Contracts", "sample-projects\DbMigration\SP.DbMigration.Contracts\SP.DbMigration.Contracts.csproj", "{85E35BC7-A5C2-4A06-813F-0FA90A3FA7D6}"
EndProject
Project("{FAE04EC0-301F-11D3-BF4B-00C04F79EFBC}") = "SP.DbMigration.Repository", "sample-projects\DbMigration\SP.DbMigration.Repository\SP.DbMigration.Repository.csproj", "{264D75C0-FCE2-4DF3-823E-B6FC17B0096C}"
EndProject
Global
	GlobalSection(SolutionConfigurationPlatforms) = preSolution
		Debug|Any CPU = Debug|Any CPU
		Release|Any CPU = Release|Any CPU
	EndGlobalSection
	GlobalSection(ProjectConfigurationPlatforms) = postSolution
		{64F02289-F003-4170-8E57-F617F66B9357}.Debug|Any CPU.ActiveCfg = Debug|Any CPU
		{64F02289-F003-4170-8E57-F617F66B9357}.Debug|Any CPU.Build.0 = Debug|Any CPU
		{64F02289-F003-4170-8E57-F617F66B9357}.Release|Any CPU.ActiveCfg = Release|Any CPU
		{64F02289-F003-4170-8E57-F617F66B9357}.Release|Any CPU.Build.0 = Release|Any CPU
		{3BF8A48E-CB9E-49E4-ADC5-BCA61007941A}.Debug|Any CPU.ActiveCfg = Debug|Any CPU
		{3BF8A48E-CB9E-49E4-ADC5-BCA61007941A}.Debug|Any CPU.Build.0 = Debug|Any CPU
		{3BF8A48E-CB9E-49E4-ADC5-BCA61007941A}.Release|Any CPU.ActiveCfg = Release|Any CPU
		{3BF8A48E-CB9E-49E4-ADC5-BCA61007941A}.Release|Any CPU.Build.0 = Release|Any CPU
		{2F538119-5E1D-4D93-AB99-79783BEEAE98}.Debug|Any CPU.ActiveCfg = Debug|Any CPU
		{2F538119-5E1D-4D93-AB99-79783BEEAE98}.Debug|Any CPU.Build.0 = Debug|Any CPU
		{2F538119-5E1D-4D93-AB99-79783BEEAE98}.Release|Any CPU.ActiveCfg = Release|Any CPU
		{2F538119-5E1D-4D93-AB99-79783BEEAE98}.Release|Any CPU.Build.0 = Release|Any CPU
		{056C712D-ED3B-44D9-B5B5-42D148E19AAB}.Debug|Any CPU.ActiveCfg = Debug|Any CPU
		{056C712D-ED3B-44D9-B5B5-42D148E19AAB}.Debug|Any CPU.Build.0 = Debug|Any CPU
		{056C712D-ED3B-44D9-B5B5-42D148E19AAB}.Release|Any CPU.ActiveCfg = Release|Any CPU
		{056C712D-ED3B-44D9-B5B5-42D148E19AAB}.Release|Any CPU.Build.0 = Release|Any CPU
		{4626AF32-683D-49D3-810D-81D2DB07FCED}.Debug|Any CPU.ActiveCfg = Debug|Any CPU
		{4626AF32-683D-49D3-810D-81D2DB07FCED}.Debug|Any CPU.Build.0 = Debug|Any CPU
		{4626AF32-683D-49D3-810D-81D2DB07FCED}.Release|Any CPU.ActiveCfg = Release|Any CPU
		{4626AF32-683D-49D3-810D-81D2DB07FCED}.Release|Any CPU.Build.0 = Release|Any CPU
		{28DF471F-33F2-414D-98FC-EE6026843BAD}.Debug|Any CPU.ActiveCfg = Debug|Any CPU
		{28DF471F-33F2-414D-98FC-EE6026843BAD}.Debug|Any CPU.Build.0 = Debug|Any CPU
		{28DF471F-33F2-414D-98FC-EE6026843BAD}.Release|Any CPU.ActiveCfg = Release|Any CPU
		{28DF471F-33F2-414D-98FC-EE6026843BAD}.Release|Any CPU.Build.0 = Release|Any CPU
		{1C03658D-A7C7-4C64-AEB9-336D32BA0AAD}.Debug|Any CPU.ActiveCfg = Debug|Any CPU
		{1C03658D-A7C7-4C64-AEB9-336D32BA0AAD}.Debug|Any CPU.Build.0 = Debug|Any CPU
		{1C03658D-A7C7-4C64-AEB9-336D32BA0AAD}.Release|Any CPU.ActiveCfg = Release|Any CPU
		{1C03658D-A7C7-4C64-AEB9-336D32BA0AAD}.Release|Any CPU.Build.0 = Release|Any CPU
		{C47DC119-E30C-4CA5-9438-CC80D1069288}.Debug|Any CPU.ActiveCfg = Debug|Any CPU
		{C47DC119-E30C-4CA5-9438-CC80D1069288}.Debug|Any CPU.Build.0 = Debug|Any CPU
		{C47DC119-E30C-4CA5-9438-CC80D1069288}.Release|Any CPU.ActiveCfg = Release|Any CPU
		{C47DC119-E30C-4CA5-9438-CC80D1069288}.Release|Any CPU.Build.0 = Release|Any CPU
		{85E35BC7-A5C2-4A06-813F-0FA90A3FA7D6}.Debug|Any CPU.ActiveCfg = Debug|Any CPU
		{85E35BC7-A5C2-4A06-813F-0FA90A3FA7D6}.Debug|Any CPU.Build.0 = Debug|Any CPU
		{85E35BC7-A5C2-4A06-813F-0FA90A3FA7D6}.Release|Any CPU.ActiveCfg = Release|Any CPU
		{85E35BC7-A5C2-4A06-813F-0FA90A3FA7D6}.Release|Any CPU.Build.0 = Release|Any CPU
		{264D75C0-FCE2-4DF3-823E-B6FC17B0096C}.Debug|Any CPU.ActiveCfg = Debug|Any CPU
		{264D75C0-FCE2-4DF3-823E-B6FC17B0096C}.Debug|Any CPU.Build.0 = Debug|Any CPU
		{264D75C0-FCE2-4DF3-823E-B6FC17B0096C}.Release|Any CPU.ActiveCfg = Release|Any CPU
		{264D75C0-FCE2-4DF3-823E-B6FC17B0096C}.Release|Any CPU.Build.0 = Release|Any CPU
	EndGlobalSection
	GlobalSection(SolutionProperties) = preSolution
		HideSolutionNode = FALSE
	EndGlobalSection
	GlobalSection(NestedProjects) = preSolution
		{6CC2F032-8BF5-4D7D-AAD0-665D26FF9771} = {97AD2495-1B55-4C4C-845B-1A142415B7A5}
		{4626AF32-683D-49D3-810D-81D2DB07FCED} = {6CC2F032-8BF5-4D7D-AAD0-665D26FF9771}
		{28DF471F-33F2-414D-98FC-EE6026843BAD} = {6CC2F032-8BF5-4D7D-AAD0-665D26FF9771}
		{1C03658D-A7C7-4C64-AEB9-336D32BA0AAD} = {6CC2F032-8BF5-4D7D-AAD0-665D26FF9771}
		{529D4D0C-72BD-4F12-B1CB-5683B7712E76} = {97AD2495-1B55-4C4C-845B-1A142415B7A5}
		{C47DC119-E30C-4CA5-9438-CC80D1069288} = {529D4D0C-72BD-4F12-B1CB-5683B7712E76}
		{85E35BC7-A5C2-4A06-813F-0FA90A3FA7D6} = {529D4D0C-72BD-4F12-B1CB-5683B7712E76}
		{264D75C0-FCE2-4DF3-823E-B6FC17B0096C} = {529D4D0C-72BD-4F12-B1CB-5683B7712E76}
	EndGlobalSection
	GlobalSection(ExtensibilityGlobals) = postSolution
		SolutionGuid = {5179C6D7-D96E-4F30-9097-A760B4368BCC}
	EndGlobalSection
EndGlobal
